
Microsoft Visual Studio Solution File, Format Version 12.00
# Visual Studio Version 16
VisualStudioVersion = 16.0.31624.102
MinimumVisualStudioVersion = 10.0.40219.1
Project("{FAE04EC0-301F-11D3-BF4B-00C04F79EFBC}") = "Toms API App.UWP", "Toms API App.UWP\Toms API App.UWP.csproj", "{2A460B1A-2722-4F64-8C14-4EB3A2A5CAA8}"
EndProject
Project("{FAE04EC0-301F-11D3-BF4B-00C04F79EFBC}") = "Toms API App.Android", "Toms API App.Android\Toms API App.Android.csproj", "{44918CB7-C886-4466-8BEE-CFACF4132018}"
EndProject
Project("{FAE04EC0-301F-11D3-BF4B-00C04F79EFBC}") = "Toms API App.iOS", "Toms API App.iOS\Toms API App.iOS.csproj", "{54D8EC98-6809-4140-B0DD-12E991AC170E}"
EndProject
Project("{FAE04EC0-301F-11D3-BF4B-00C04F79EFBC}") = "Toms API App", "Toms API App\Toms API App.csproj", "{3A238CBC-1FED-4726-AD4B-6B8FE34DDF3F}"
EndProject
Global
	GlobalSection(SolutionConfigurationPlatforms) = preSolution
		Debug|Any CPU = Debug|Any CPU
		Debug|ARM = Debug|ARM
		Debug|iPhone = Debug|iPhone
		Debug|iPhoneSimulator = Debug|iPhoneSimulator
		Debug|x64 = Debug|x64
		Debug|x86 = Debug|x86
		Release|Any CPU = Release|Any CPU
		Release|ARM = Release|ARM
		Release|iPhone = Release|iPhone
		Release|iPhoneSimulator = Release|iPhoneSimulator
		Release|x64 = Release|x64
		Release|x86 = Release|x86
	EndGlobalSection
	GlobalSection(ProjectConfigurationPlatforms) = postSolution
		{2A460B1A-2722-4F64-8C14-4EB3A2A5CAA8}.Debug|Any CPU.ActiveCfg = Debug|x86
		{2A460B1A-2722-4F64-8C14-4EB3A2A5CAA8}.Debug|Any CPU.Build.0 = Debug|x86
		{2A460B1A-2722-4F64-8C14-4EB3A2A5CAA8}.Debug|Any CPU.Deploy.0 = Debug|x86
		{2A460B1A-2722-4F64-8C14-4EB3A2A5CAA8}.Debug|ARM.ActiveCfg = Debug|ARM
		{2A460B1A-2722-4F64-8C14-4EB3A2A5CAA8}.Debug|ARM.Build.0 = Debug|ARM
		{2A460B1A-2722-4F64-8C14-4EB3A2A5CAA8}.Debug|ARM.Deploy.0 = Debug|ARM
		{2A460B1A-2722-4F64-8C14-4EB3A2A5CAA8}.Debug|iPhone.ActiveCfg = Debug|x86
		{2A460B1A-2722-4F64-8C14-4EB3A2A5CAA8}.Debug|iPhone.Build.0 = Debug|x86
		{2A460B1A-2722-4F64-8C14-4EB3A2A5CAA8}.Debug|iPhone.Deploy.0 = Debug|x86
		{2A460B1A-2722-4F64-8C14-4EB3A2A5CAA8}.Debug|iPhoneSimulator.ActiveCfg = Debug|x86
		{2A460B1A-2722-4F64-8C14-4EB3A2A5CAA8}.Debug|iPhoneSimulator.Build.0 = Debug|x86
		{2A460B1A-2722-4F64-8C14-4EB3A2A5CAA8}.Debug|iPhoneSimulator.Deploy.0 = Debug|x86
		{2A460B1A-2722-4F64-8C14-4EB3A2A5CAA8}.Debug|x64.ActiveCfg = Debug|x64
		{2A460B1A-2722-4F64-8C14-4EB3A2A5CAA8}.Debug|x64.Build.0 = Debug|x64
		{2A460B1A-2722-4F64-8C14-4EB3A2A5CAA8}.Debug|x64.Deploy.0 = Debug|x64
		{2A460B1A-2722-4F64-8C14-4EB3A2A5CAA8}.Debug|x86.ActiveCfg = Debug|x86
		{2A460B1A-2722-4F64-8C14-4EB3A2A5CAA8}.Debug|x86.Build.0 = Debug|x86
		{2A460B1A-2722-4F64-8C14-4EB3A2A5CAA8}.Debug|x86.Deploy.0 = Debug|x86
		{2A460B1A-2722-4F64-8C14-4EB3A2A5CAA8}.Release|Any CPU.ActiveCfg = Release|x86
		{2A460B1A-2722-4F64-8C14-4EB3A2A5CAA8}.Release|Any CPU.Build.0 = Release|x86
		{2A460B1A-2722-4F64-8C14-4EB3A2A5CAA8}.Release|Any CPU.Deploy.0 = Release|x86
		{2A460B1A-2722-4F64-8C14-4EB3A2A5CAA8}.Release|ARM.ActiveCfg = Release|ARM
		{2A460B1A-2722-4F64-8C14-4EB3A2A5CAA8}.Release|ARM.Build.0 = Release|ARM
		{2A460B1A-2722-4F64-8C14-4EB3A2A5CAA8}.Release|ARM.Deploy.0 = Release|ARM
		{2A460B1A-2722-4F64-8C14-4EB3A2A5CAA8}.Release|iPhone.ActiveCfg = Release|x86
		{2A460B1A-2722-4F64-8C14-4EB3A2A5CAA8}.Release|iPhone.Build.0 = Release|x86
		{2A460B1A-2722-4F64-8C14-4EB3A2A5CAA8}.Release|iPhone.Deploy.0 = Release|x86
		{2A460B1A-2722-4F64-8C14-4EB3A2A5CAA8}.Release|iPhoneSimulator.ActiveCfg = Release|x86
		{2A460B1A-2722-4F64-8C14-4EB3A2A5CAA8}.Release|iPhoneSimulator.Build.0 = Release|x86
		{2A460B1A-2722-4F64-8C14-4EB3A2A5CAA8}.Release|iPhoneSimulator.Deploy.0 = Release|x86
		{2A460B1A-2722-4F64-8C14-4EB3A2A5CAA8}.Release|x64.ActiveCfg = Release|x64
		{2A460B1A-2722-4F64-8C14-4EB3A2A5CAA8}.Release|x64.Build.0 = Release|x64
		{2A460B1A-2722-4F64-8C14-4EB3A2A5CAA8}.Release|x64.Deploy.0 = Release|x64
		{2A460B1A-2722-4F64-8C14-4EB3A2A5CAA8}.Release|x86.ActiveCfg = Release|x86
		{2A460B1A-2722-4F64-8C14-4EB3A2A5CAA8}.Release|x86.Build.0 = Release|x86
		{2A460B1A-2722-4F64-8C14-4EB3A2A5CAA8}.Release|x86.Deploy.0 = Release|x86
		{44918CB7-C886-4466-8BEE-CFACF4132018}.Debug|Any CPU.ActiveCfg = Debug|Any CPU
		{44918CB7-C886-4466-8BEE-CFACF4132018}.Debug|Any CPU.Build.0 = Debug|Any CPU
		{44918CB7-C886-4466-8BEE-CFACF4132018}.Debug|Any CPU.Deploy.0 = Debug|Any CPU
		{44918CB7-C886-4466-8BEE-CFACF4132018}.Debug|ARM.ActiveCfg = Debug|Any CPU
		{44918CB7-C886-4466-8BEE-CFACF4132018}.Debug|ARM.Build.0 = Debug|Any CPU
		{44918CB7-C886-4466-8BEE-CFACF4132018}.Debug|ARM.Deploy.0 = Debug|Any CPU
		{44918CB7-C886-4466-8BEE-CFACF4132018}.Debug|iPhone.ActiveCfg = Debug|Any CPU
		{44918CB7-C886-4466-8BEE-CFACF4132018}.Debug|iPhone.Build.0 = Debug|Any CPU
		{44918CB7-C886-4466-8BEE-CFACF4132018}.Debug|iPhone.Deploy.0 = Debug|Any CPU
		{44918CB7-C886-4466-8BEE-CFACF4132018}.Debug|iPhoneSimulator.ActiveCfg = Debug|Any CPU
		{44918CB7-C886-4466-8BEE-CFACF4132018}.Debug|iPhoneSimulator.Build.0 = Debug|Any CPU
		{44918CB7-C886-4466-8BEE-CFACF4132018}.Debug|iPhoneSimulator.Deploy.0 = Debug|Any CPU
		{44918CB7-C886-4466-8BEE-CFACF4132018}.Debug|x64.ActiveCfg = Debug|Any CPU
		{44918CB7-C886-4466-8BEE-CFACF4132018}.Debug|x64.Build.0 = Debug|Any CPU
		{44918CB7-C886-4466-8BEE-CFACF4132018}.Debug|x64.Deploy.0 = Debug|Any CPU
		{44918CB7-C886-4466-8BEE-CFACF4132018}.Debug|x86.ActiveCfg = Debug|Any CPU
		{44918CB7-C886-4466-8BEE-CFACF4132018}.Debug|x86.Build.0 = Debug|Any CPU
		{44918CB7-C886-4466-8BEE-CFACF4132018}.Debug|x86.Deploy.0 = Debug|Any CPU
		{44918CB7-C886-4466-8BEE-CFACF4132018}.Release|Any CPU.ActiveCfg = Release|Any CPU
		{44918CB7-C886-4466-8BEE-CFACF4132018}.Release|Any CPU.Build.0 = Release|Any CPU
		{44918CB7-C886-4466-8BEE-CFACF4132018}.Release|Any CPU.Deploy.0 = Release|Any CPU
		{44918CB7-C886-4466-8BEE-CFACF4132018}.Release|ARM.ActiveCfg = Release|Any CPU
		{44918CB7-C886-4466-8BEE-CFACF4132018}.Release|ARM.Build.0 = Release|Any CPU
		{44918CB7-C886-4466-8BEE-CFACF4132018}.Release|ARM.Deploy.0 = Release|Any CPU
		{44918CB7-C886-4466-8BEE-CFACF4132018}.Release|iPhone.ActiveCfg = Release|Any CPU
		{44918CB7-C886-4466-8BEE-CFACF4132018}.Release|iPhone.Build.0 = Release|Any CPU
		{44918CB7-C886-4466-8BEE-CFACF4132018}.Release|iPhone.Deploy.0 = Release|Any CPU
		{44918CB7-C886-4466-8BEE-CFACF4132018}.Release|iPhoneSimulator.ActiveCfg = Release|Any CPU
		{44918CB7-C886-4466-8BEE-CFACF4132018}.Release|iPhoneSimulator.Build.0 = Release|Any CPU
		{44918CB7-C886-4466-8BEE-CFACF4132018}.Release|iPhoneSimulator.Deploy.0 = Release|Any CPU
		{44918CB7-C886-4466-8BEE-CFACF4132018}.Release|x64.ActiveCfg = Release|Any CPU
		{44918CB7-C886-4466-8BEE-CFACF4132018}.Release|x64.Build.0 = Release|Any CPU
		{44918CB7-C886-4466-8BEE-CFACF4132018}.Release|x64.Deploy.0 = Release|Any CPU
		{44918CB7-C886-4466-8BEE-CFACF4132018}.Release|x86.ActiveCfg = Release|Any CPU
		{44918CB7-C886-4466-8BEE-CFACF4132018}.Release|x86.Build.0 = Release|Any CPU
		{44918CB7-C886-4466-8BEE-CFACF4132018}.Release|x86.Deploy.0 = Release|Any CPU
		{54D8EC98-6809-4140-B0DD-12E991AC170E}.Debug|Any CPU.ActiveCfg = Debug|iPhoneSimulator
		{54D8EC98-6809-4140-B0DD-12E991AC170E}.Debug|Any CPU.Build.0 = Debug|iPhoneSimulator
		{54D8EC98-6809-4140-B0DD-12E991AC170E}.Debug|Any CPU.Deploy.0 = Debug|iPhoneSimulator
		{54D8EC98-6809-4140-B0DD-12E991AC170E}.Debug|ARM.ActiveCfg = Debug|iPhone
		{54D8EC98-6809-4140-B0DD-12E991AC170E}.Debug|ARM.Build.0 = Debug|iPhone
		{54D8EC98-6809-4140-B0DD-12E991AC170E}.Debug|ARM.Deploy.0 = Debug|iPhone
		{54D8EC98-6809-4140-B0DD-12E991AC170E}.Debug|iPhone.ActiveCfg = Debug|iPhone
		{54D8EC98-6809-4140-B0DD-12E991AC170E}.Debug|iPhone.Build.0 = Debug|iPhone
		{54D8EC98-6809-4140-B0DD-12E991AC170E}.Debug|iPhone.Deploy.0 = Debug|iPhone
		{54D8EC98-6809-4140-B0DD-12E991AC170E}.Debug|iPhoneSimulator.ActiveCfg = Debug|iPhoneSimulator
		{54D8EC98-6809-4140-B0DD-12E991AC170E}.Debug|iPhoneSimulator.Build.0 = Debug|iPhoneSimulator
		{54D8EC98-6809-4140-B0DD-12E991AC170E}.Debug|iPhoneSimulator.Deploy.0 = Debug|iPhoneSimulator
		{54D8EC98-6809-4140-B0DD-12E991AC170E}.Debug|x64.ActiveCfg = Debug|iPhoneSimulator
		{54D8EC98-6809-4140-B0DD-12E991AC170E}.Debug|x64.Build.0 = Debug|iPhoneSimulator
		{54D8EC98-6809-4140-B0DD-12E991AC170E}.Debug|x64.Deploy.0 = Debug|iPhoneSimulator
		{54D8EC98-6809-4140-B0DD-12E991AC170E}.Debug|x86.ActiveCfg = Debug|iPhoneSimulator
		{54D8EC98-6809-4140-B0DD-12E991AC170E}.Debug|x86.Build.0 = Debug|iPhoneSimulator
		{54D8EC98-6809-4140-B0DD-12E991AC170E}.Debug|x86.Deploy.0 = Debug|iPhoneSimulator
		{54D8EC98-6809-4140-B0DD-12E991AC170E}.Release|Any CPU.ActiveCfg = Release|iPhoneSimulator
		{54D8EC98-6809-4140-B0DD-12E991AC170E}.Release|Any CPU.Build.0 = Release|iPhoneSimulator
		{54D8EC98-6809-4140-B0DD-12E991AC170E}.Release|Any CPU.Deploy.0 = Release|iPhoneSimulator
		{54D8EC98-6809-4140-B0DD-12E991AC170E}.Release|ARM.ActiveCfg = Release|iPhoneSimulator
		{54D8EC98-6809-4140-B0DD-12E991AC170E}.Release|ARM.Build.0 = Release|iPhoneSimulator
		{54D8EC98-6809-4140-B0DD-12E991AC170E}.Release|ARM.Deploy.0 = Release|iPhoneSimulator
		{54D8EC98-6809-4140-B0DD-12E991AC170E}.Release|iPhone.ActiveCfg = Release|iPhone
		{54D8EC98-6809-4140-B0DD-12E991AC170E}.Release|iPhone.Build.0 = Release|iPhone
		{54D8EC98-6809-4140-B0DD-12E991AC170E}.Release|iPhone.Deploy.0 = Release|iPhone
		{54D8EC98-6809-4140-B0DD-12E991AC170E}.Release|iPhoneSimulator.ActiveCfg = Release|iPhoneSimulator
		{54D8EC98-6809-4140-B0DD-12E991AC170E}.Release|iPhoneSimulator.Build.0 = Release|iPhoneSimulator
		{54D8EC98-6809-4140-B0DD-12E991AC170E}.Release|iPhoneSimulator.Deploy.0 = Release|iPhoneSimulator
		{54D8EC98-6809-4140-B0DD-12E991AC170E}.Release|x64.ActiveCfg = Release|iPhoneSimulator
		{54D8EC98-6809-4140-B0DD-12E991AC170E}.Release|x64.Build.0 = Release|iPhoneSimulator
		{54D8EC98-6809-4140-B0DD-12E991AC170E}.Release|x64.Deploy.0 = Release|iPhoneSimulator
		{54D8EC98-6809-4140-B0DD-12E991AC170E}.Release|x86.ActiveCfg = Release|iPhoneSimulator
		{54D8EC98-6809-4140-B0DD-12E991AC170E}.Release|x86.Build.0 = Release|iPhoneSimulator
		{54D8EC98-6809-4140-B0DD-12E991AC170E}.Release|x86.Deploy.0 = Release|iPhoneSimulator
		{3A238CBC-1FED-4726-AD4B-6B8FE34DDF3F}.Debug|Any CPU.ActiveCfg = Debug|Any CPU
		{3A238CBC-1FED-4726-AD4B-6B8FE34DDF3F}.Debug|Any CPU.Build.0 = Debug|Any CPU
		{3A238CBC-1FED-4726-AD4B-6B8FE34DDF3F}.Debug|Any CPU.Deploy.0 = Debug|Any CPU
		{3A238CBC-1FED-4726-AD4B-6B8FE34DDF3F}.Debug|ARM.ActiveCfg = Debug|Any CPU
		{3A238CBC-1FED-4726-AD4B-6B8FE34DDF3F}.Debug|ARM.Build.0 = Debug|Any CPU
		{3A238CBC-1FED-4726-AD4B-6B8FE34DDF3F}.Debug|ARM.Deploy.0 = Debug|Any CPU
		{3A238CBC-1FED-4726-AD4B-6B8FE34DDF3F}.Debug|iPhone.ActiveCfg = Debug|Any CPU
		{3A238CBC-1FED-4726-AD4B-6B8FE34DDF3F}.Debug|iPhone.Build.0 = Debug|Any CPU
		{3A238CBC-1FED-4726-AD4B-6B8FE34DDF3F}.Debug|iPhone.Deploy.0 = Debug|Any CPU
		{3A238CBC-1FED-4726-AD4B-6B8FE34DDF3F}.Debug|iPhoneSimulator.ActiveCfg = Debug|Any CPU
		{3A238CBC-1FED-4726-AD4B-6B8FE34DDF3F}.Debug|iPhoneSimulator.Build.0 = Debug|Any CPU
		{3A238CBC-1FED-4726-AD4B-6B8FE34DDF3F}.Debug|iPhoneSimulator.Deploy.0 = Debug|Any CPU
		{3A238CBC-1FED-4726-AD4B-6B8FE34DDF3F}.Debug|x64.ActiveCfg = Debug|Any CPU
		{3A238CBC-1FED-4726-AD4B-6B8FE34DDF3F}.Debug|x64.Build.0 = Debug|Any CPU
		{3A238CBC-1FED-4726-AD4B-6B8FE34DDF3F}.Debug|x64.Deploy.0 = Debug|Any CPU
		{3A238CBC-1FED-4726-AD4B-6B8FE34DDF3F}.Debug|x86.ActiveCfg = Debug|Any CPU
		{3A238CBC-1FED-4726-AD4B-6B8FE34DDF3F}.Debug|x86.Build.0 = Debug|Any CPU
		{3A238CBC-1FED-4726-AD4B-6B8FE34DDF3F}.Debug|x86.Deploy.0 = Debug|Any CPU
		{3A238CBC-1FED-4726-AD4B-6B8FE34DDF3F}.Release|Any CPU.ActiveCfg = Release|Any CPU
		{3A238CBC-1FED-4726-AD4B-6B8FE34DDF3F}.Release|Any CPU.Build.0 = Release|Any CPU
		{3A238CBC-1FED-4726-AD4B-6B8FE34DDF3F}.Release|Any CPU.Deploy.0 = Release|Any CPU
		{3A238CBC-1FED-4726-AD4B-6B8FE34DDF3F}.Release|ARM.ActiveCfg = Release|Any CPU
		{3A238CBC-1FED-4726-AD4B-6B8FE34DDF3F}.Release|ARM.Build.0 = Release|Any CPU
		{3A238CBC-1FED-4726-AD4B-6B8FE34DDF3F}.Release|ARM.Deploy.0 = Release|Any CPU
		{3A238CBC-1FED-4726-AD4B-6B8FE34DDF3F}.Release|iPhone.ActiveCfg = Release|Any CPU
		{3A238CBC-1FED-4726-AD4B-6B8FE34DDF3F}.Release|iPhone.Build.0 = Release|Any CPU
		{3A238CBC-1FED-4726-AD4B-6B8FE34DDF3F}.Release|iPhone.Deploy.0 = Release|Any CPU
		{3A238CBC-1FED-4726-AD4B-6B8FE34DDF3F}.Release|iPhoneSimulator.ActiveCfg = Release|Any CPU
		{3A238CBC-1FED-4726-AD4B-6B8FE34DDF3F}.Release|iPhoneSimulator.Build.0 = Release|Any CPU
		{3A238CBC-1FED-4726-AD4B-6B8FE34DDF3F}.Release|iPhoneSimulator.Deploy.0 = Release|Any CPU
		{3A238CBC-1FED-4726-AD4B-6B8FE34DDF3F}.Release|x64.ActiveCfg = Release|Any CPU
		{3A238CBC-1FED-4726-AD4B-6B8FE34DDF3F}.Release|x64.Build.0 = Release|Any CPU
		{3A238CBC-1FED-4726-AD4B-6B8FE34DDF3F}.Release|x64.Deploy.0 = Release|Any CPU
		{3A238CBC-1FED-4726-AD4B-6B8FE34DDF3F}.Release|x86.ActiveCfg = Release|Any CPU
		{3A238CBC-1FED-4726-AD4B-6B8FE34DDF3F}.Release|x86.Build.0 = Release|Any CPU
		{3A238CBC-1FED-4726-AD4B-6B8FE34DDF3F}.Release|x86.Deploy.0 = Release|Any CPU
	EndGlobalSection
	GlobalSection(SolutionProperties) = preSolution
		HideSolutionNode = FALSE
	EndGlobalSection
	GlobalSection(ExtensibilityGlobals) = postSolution
		SolutionGuid = {050004B8-536B-43F3-BEC3-159E1DD2E1C5}
	EndGlobalSection
EndGlobal
